<?xml version="1.0" encoding="utf-8"?>
<Project ToolsVersion="4.0" xmlns="http://schemas.microsoft.com/developer/msbuild/2003">
  <ItemGroup>
    <Filter Include="Source Files">
      <UniqueIdentifier>{7ad2251a-79ee-40f8-9c92-a33c8187f9b8}</UniqueIdentifier>
      <Extensions>cpp;c;cxx;rc;def;r;odl;idl;hpj;bat</Extensions>
    </Filter>
    <Filter Include="Header Files">
      <UniqueIdentifier>{0902d049-c895-4942-9b1a-68479d6bd53c}</UniqueIdentifier>
      <Extensions>h;hpp;hxx;hm;inl</Extensions>
    </Filter>
    <Filter Include="Resource Files">
      <UniqueIdentifier>{8462d537-ae2b-4436-8829-6b8dd720f185}</UniqueIdentifier>
      <Extensions>ico;cur;bmp;dlg;rc2;rct;bin;rgs;gif;jpg;jpeg;jpe</Extensions>
    </Filter>
    <Filter Include="Ultimate Grid">
      <UniqueIdentifier>{185fa987-3452-42ef-bc95-31e279e1b63e}</UniqueIdentifier>
    </Filter>
    <Filter Include="Ultimate Grid\Source">
      <UniqueIdentifier>{3695b234-4e25-47dd-8dd1-bb2840596079}</UniqueIdentifier>
    </Filter>
    <Filter Include="Ultimate Grid\CellTypes">
      <UniqueIdentifier>{a951ee8c-2cfa-4b37-8be4-4bb05ac61a16}</UniqueIdentifier>
    </Filter>
  </ItemGroup>
  <ItemGroup>
    <ClCompile Include="Cell types.cpp">
      <Filter>Source Files</Filter>
    </ClCompile>
    <ClCompile Include="Cell typesDoc.cpp">
      <Filter>Source Files</Filter>
    </ClCompile>
    <ClCompile Include="Cell typesView.cpp">
      <Filter>Source Files</Filter>
    </ClCompile>
    <ClCompile Include="ChildFrm.cpp">
      <Filter>Source Files</Filter>
    </ClCompile>
    <ClCompile Include="MainFrm.cpp">
      <Filter>Source Files</Filter>
    </ClCompile>
    <ClCompile Include="StdAfx.cpp">
      <Filter>Source Files</Filter>
    </ClCompile>
    <ClCompile Include="..\..\Source\UGCBType.cpp">
      <Filter>Ultimate Grid\Source</Filter>
    </ClCompile>
    <ClCompile Include="..\..\Source\UGCell.cpp">
      <Filter>Ultimate Grid\Source</Filter>
    </ClCompile>
    <ClCompile Include="..\..\Source\UGCelTyp.cpp">
      <Filter>Ultimate Grid\Source</Filter>
    </ClCompile>
    <ClCompile Include="..\..\Source\UGCnrBtn.cpp">
      <Filter>Ultimate Grid\Source</Filter>
    </ClCompile>
    <ClCompile Include="..\..\Source\UGCTarrw.cpp">
      <Filter>Ultimate Grid\Source</Filter>
    </ClCompile>
    <ClCompile Include="..\..\Source\UGCtrl.cpp">
      <Filter>Ultimate Grid\Source</Filter>
    </ClCompile>
    <ClCompile Include="..\..\Source\UGDLType.cpp">
      <Filter>Ultimate Grid\Source</Filter>
    </ClCompile>
    <ClCompile Include="..\..\Source\UGDrgDrp.cpp">
      <Filter>Ultimate Grid\Source</Filter>
    </ClCompile>
    <ClCompile Include="..\..\Source\UGDrwHnt.cpp">
      <Filter>Ultimate Grid\Source</Filter>
    </ClCompile>
    <ClCompile Include="..\..\Source\UGDtaSrc.cpp">
      <Filter>Ultimate Grid\Source</Filter>
    </ClCompile>
    <ClCompile Include="..\..\Source\UGEdit.cpp">
      <Filter>Ultimate Grid\Source</Filter>
    </ClCompile>
    <ClCompile Include="..\..\Source\UGEditBase.cpp">
      <Filter>Ultimate Grid\Source</Filter>
    </ClCompile>
    <ClCompile Include="..\..\Source\ugformat.cpp">
      <Filter>Ultimate Grid\Source</Filter>
    </ClCompile>
    <ClCompile Include="..\..\Source\uggdinfo.cpp">
      <Filter>Ultimate Grid\Source</Filter>
    </ClCompile>
    <ClCompile Include="..\..\Source\UGGrid.cpp">
      <Filter>Ultimate Grid\Source</Filter>
    </ClCompile>
    <ClCompile Include="..\..\Source\UGHint.cpp">
      <Filter>Ultimate Grid\Source</Filter>
    </ClCompile>
    <ClCompile Include="..\..\Source\ughscrol.cpp">
      <Filter>Ultimate Grid\Source</Filter>
    </ClCompile>
    <ClCompile Include="..\..\Source\ugLstBox.cpp">
      <Filter>Ultimate Grid\Source</Filter>
    </ClCompile>
    <ClCompile Include="..\..\Source\UGMEdit.cpp">
      <Filter>Ultimate Grid\Source</Filter>
    </ClCompile>
    <ClCompile Include="..\..\Source\UGMemMan.cpp">
      <Filter>Ultimate Grid\Source</Filter>
    </ClCompile>
    <ClCompile Include="..\..\Source\UGMultiS.cpp">
      <Filter>Ultimate Grid\Source</Filter>
    </ClCompile>
    <ClCompile Include="..\..\Source\ugprint.cpp">
      <Filter>Ultimate Grid\Source</Filter>
    </ClCompile>
    <ClCompile Include="..\..\Source\ugptrlst.cpp">
      <Filter>Ultimate Grid\Source</Filter>
    </ClCompile>
    <ClCompile Include="..\..\Source\ugsidehd.cpp">
      <Filter>Ultimate Grid\Source</Filter>
    </ClCompile>
    <ClCompile Include="..\..\Source\UGStrOp.cpp">
      <Filter>Ultimate Grid\Source</Filter>
    </ClCompile>
    <ClCompile Include="..\..\Source\ugtab.cpp">
      <Filter>Ultimate Grid\Source</Filter>
    </ClCompile>
    <ClCompile Include="..\..\Source\UGTopHdg.cpp">
      <Filter>Ultimate Grid\Source</Filter>
    </ClCompile>
    <ClCompile Include="..\..\Source\ugvscrol.cpp">
      <Filter>Ultimate Grid\Source</Filter>
    </ClCompile>
    <ClCompile Include="..\..\Source\UGXPThemes.cpp">
      <Filter>Ultimate Grid\Source</Filter>
    </ClCompile>
    <ClCompile Include="..\..\CellTypes\UGCTafnt.cpp">
      <Filter>Ultimate Grid\CellTypes</Filter>
    </ClCompile>
    <ClCompile Include="..\..\CellTypes\UGCTbutn.cpp">
      <Filter>Ultimate Grid\CellTypes</Filter>
    </ClCompile>
    <ClCompile Include="..\..\CellTypes\UGCTdtp.cpp">
      <Filter>Ultimate Grid\CellTypes</Filter>
    </ClCompile>
    <ClCompile Include="..\..\CellTypes\ugctelps.cpp">
      <Filter>Ultimate Grid\CellTypes</Filter>
    </ClCompile>
    <ClCompile Include="..\..\CellTypes\UGCTLabeled.cpp">
      <Filter>Ultimate Grid\CellTypes</Filter>
    </ClCompile>
    <ClCompile Include="..\..\CellTypes\UGCTMarquee.cpp">
      <Filter>Ultimate Grid\CellTypes</Filter>
    </ClCompile>
    <ClCompile Include="..\..\CellTypes\UGCTmfnt.cpp">
      <Filter>Ultimate Grid\CellTypes</Filter>
    </ClCompile>
    <ClCompile Include="..\..\CellTypes\UGCTNote.cpp">
      <Filter>Ultimate Grid\CellTypes</Filter>
    </ClCompile>
    <ClCompile Include="..\..\CellTypes\ugctnotewnd.cpp">
      <Filter>Ultimate Grid\CellTypes</Filter>
    </ClCompile>
    <ClCompile Include="..\..\CellTypes\UGCTpie.cpp">
      <Filter>Ultimate Grid\CellTypes</Filter>
    </ClCompile>
    <ClCompile Include="..\..\CellTypes\UGCTpro1.cpp">
      <Filter>Ultimate Grid\CellTypes</Filter>
    </ClCompile>
    <ClCompile Include="..\..\CellTypes\UGCTprog.cpp">
      <Filter>Ultimate Grid\CellTypes</Filter>
    </ClCompile>
    <ClCompile Include="..\..\CellTypes\UGCTRado.cpp">
      <Filter>Ultimate Grid\CellTypes</Filter>
    </ClCompile>
    <ClCompile Include="..\..\CellTypes\UGCTsarw.cpp">
      <Filter>Ultimate Grid\CellTypes</Filter>
    </ClCompile>
    <ClCompile Include="..\..\CellTypes\UGCTsldr.cpp">
      <Filter>Ultimate Grid\CellTypes</Filter>
    </ClCompile>
    <ClCompile Include="..\..\CellTypes\UGCTSpin.cpp">
      <Filter>Ultimate Grid\CellTypes</Filter>
    </ClCompile>
    <ClCompile Include="CellTypeDemoGrid.cpp">
      <Filter>Ultimate Grid</Filter>
    </ClCompile>
  </ItemGroup>
  <ItemGroup>
    <ResourceCompile Include="Cell types.rc">
      <Filter>Source Files</Filter>
    </ResourceCompile>
  </ItemGroup>
  <ItemGroup>
    <ClInclude Include="Cell types.h">
      <Filter>Header Files</Filter>
    </ClInclude>
    <ClInclude Include="Cell typesDoc.h">
      <Filter>Header Files</Filter>
    </ClInclude>
    <ClInclude Include="Cell typesView.h">
      <Filter>Header Files</Filter>
    </ClInclude>
    <ClInclude Include="ChildFrm.h">
      <Filter>Header Files</Filter>
    </ClInclude>
    <ClInclude Include="MainFrm.h">
      <Filter>Header Files</Filter>
    </ClInclude>
    <ClInclude Include="Resource.h">
      <Filter>Header Files</Filter>
    </ClInclude>
    <ClInclude Include="StdAfx.h">
      <Filter>Header Files</Filter>
    </ClInclude>
    <ClInclude Include="CellTypeDemoGrid.h">
      <Filter>Ultimate Grid</Filter>
    </ClInclude>
  </ItemGroup>
  <ItemGroup>
    <CustomBuild Include="bitmap2.bmp">
      <Filter>Resource Files</Filter>
    </CustomBuild>
    <CustomBuild Include="res\Cell types.ico">
      <Filter>Resource Files</Filter>
    </CustomBuild>
    <CustomBuild Include="res\Cell types.rc2">
      <Filter>Resource Files</Filter>
    </CustomBuild>
    <CustomBuild Include="res\Cell typesDoc.ico">
      <Filter>Resource Files</Filter>
    </CustomBuild>
    <CustomBuild Include="notebitm.bmp">
      <Filter>Resource Files</Filter>
    </CustomBuild>
    <CustomBuild Include="res\Toolbar.bmp">
      <Filter>Resource Files</Filter>
    </CustomBuild>
    <CustomBuild Include="ReadMe.txt" />
  </ItemGroup>
</Project>